// !$*UTF8*$!
{
	archiveVersion = 1;
	classes = {
	};
	objectVersion = 50;
	objects = {

/* Begin PBXBuildFile section */
		4FB27B62D68D6C824BA0C7C5 /* Pods_IntagramFirebase.framework in Frameworks */ = {isa = PBXBuildFile; fileRef = 83392F6A093880DA4B176FA6 /* Pods_IntagramFirebase.framework */; };
		55701C1623B0D91300734299 /* Extensions.swift in Sources */ = {isa = PBXBuildFile; fileRef = 55701C1523B0D91300734299 /* Extensions.swift */; };
		55701C1823B0EAF500734299 /* GoogleService-Info.plist in Resources */ = {isa = PBXBuildFile; fileRef = 55701C1723B0EAF500734299 /* GoogleService-Info.plist */; };
		55DCCDF923ACDFC100E23659 /* AppDelegate.swift in Sources */ = {isa = PBXBuildFile; fileRef = 55DCCDF823ACDFC100E23659 /* AppDelegate.swift */; };
		55DCCDFB23ACDFC100E23659 /* ViewController.swift in Sources */ = {isa = PBXBuildFile; fileRef = 55DCCDFA23ACDFC100E23659 /* ViewController.swift */; };
		55DCCDFE23ACDFC100E23659 /* Main.storyboard in Resources */ = {isa = PBXBuildFile; fileRef = 55DCCDFC23ACDFC100E23659 /* Main.storyboard */; };
		55DCCE0023ACDFC300E23659 /* Assets.xcassets in Resources */ = {isa = PBXBuildFile; fileRef = 55DCCDFF23ACDFC300E23659 /* Assets.xcassets */; };
		55DCCE0323ACDFC300E23659 /* LaunchScreen.storyboard in Resources */ = {isa = PBXBuildFile; fileRef = 55DCCE0123ACDFC300E23659 /* LaunchScreen.storyboard */; };
/* End PBXBuildFile section */

/* Begin PBXFileReference section */
		25F260F3565A2F6235E08956 /* Pods-IntagramFirebase.debug.xcconfig */ = {isa = PBXFileReference; includeInIndex = 1; lastKnownFileType = text.xcconfig; name = "Pods-IntagramFirebase.debug.xcconfig"; path = "Target Support Files/Pods-IntagramFirebase/Pods-IntagramFirebase.debug.xcconfig"; sourceTree = "<group>"; };
		55701C1523B0D91300734299 /* Extensions.swift */ = {isa = PBXFileReference; lastKnownFileType = sourcecode.swift; path = Extensions.swift; sourceTree = "<group>"; };
		55701C1723B0EAF500734299 /* GoogleService-Info.plist */ = {isa = PBXFileReference; fileEncoding = 4; lastKnownFileType = text.plist.xml; path = "GoogleService-Info.plist"; sourceTree = "<group>"; };
		55DCCDF523ACDFC100E23659 /* IntagramFirebase.app */ = {isa = PBXFileReference; explicitFileType = wrapper.application; includeInIndex = 0; path = IntagramFirebase.app; sourceTree = BUILT_PRODUCTS_DIR; };
		55DCCDF823ACDFC100E23659 /* AppDelegate.swift */ = {isa = PBXFileReference; lastKnownFileType = sourcecode.swift; path = AppDelegate.swift; sourceTree = "<group>"; };
		55DCCDFA23ACDFC100E23659 /* ViewController.swift */ = {isa = PBXFileReference; lastKnownFileType = sourcecode.swift; path = ViewController.swift; sourceTree = "<group>"; };
		55DCCDFD23ACDFC100E23659 /* Base */ = {isa = PBXFileReference; lastKnownFileType = file.storyboard; name = Base; path = Base.lproj/Main.storyboard; sourceTree = "<group>"; };
		55DCCDFF23ACDFC300E23659 /* Assets.xcassets */ = {isa = PBXFileReference; lastKnownFileType = folder.assetcatalog; path = Assets.xcassets; sourceTree = "<group>"; };
		55DCCE0223ACDFC300E23659 /* Base */ = {isa = PBXFileReference; lastKnownFileType = file.storyboard; name = Base; path = Base.lproj/LaunchScreen.storyboard; sourceTree = "<group>"; };
		55DCCE0423ACDFC300E23659 /* Info.plist */ = {isa = PBXFileReference; lastKnownFileType = text.plist.xml; path = Info.plist; sourceTree = "<group>"; };
		83392F6A093880DA4B176FA6 /* Pods_IntagramFirebase.framework */ = {isa = PBXFileReference; explicitFileType = wrapper.framework; includeInIndex = 0; path = Pods_IntagramFirebase.framework; sourceTree = BUILT_PRODUCTS_DIR; };
		886D6906FB2C88D616363A70 /* Pods-IntagramFirebase.release.xcconfig */ = {isa = PBXFileReference; includeInIndex = 1; lastKnownFileType = text.xcconfig; name = "Pods-IntagramFirebase.release.xcconfig"; path = "Target Support Files/Pods-IntagramFirebase/Pods-IntagramFirebase.release.xcconfig"; sourceTree = "<group>"; };
/* End PBXFileReference section */

/* Begin PBXFrameworksBuildPhase section */
		55DCCDF223ACDFC100E23659 /* Frameworks */ = {
			isa = PBXFrameworksBuildPhase;
			buildActionMask = 2147483647;
			files = (
				4FB27B62D68D6C824BA0C7C5 /* Pods_IntagramFirebase.framework in Frameworks */,
			);
			runOnlyForDeploymentPostprocessing = 0;
		};
/* End PBXFrameworksBuildPhase section */

/* Begin PBXGroup section */
		55701C1423B0D8E900734299 /* Utils */ = {
			isa = PBXGroup;
			children = (
				55701C1523B0D91300734299 /* Extensions.swift */,
			);
			path = Utils;
			sourceTree = "<group>";
		};
		55DCCDEC23ACDFC100E23659 = {
			isa = PBXGroup;
			children = (
				55DCCDF723ACDFC100E23659 /* IntagramFirebase */,
				55DCCDF623ACDFC100E23659 /* Products */,
				9146ACAB4D1822E889C48B44 /* Pods */,
				F5BD2FB4C928BDEE847BE76D /* Frameworks */,
			);
			sourceTree = "<group>";
		};
		55DCCDF623ACDFC100E23659 /* Products */ = {
			isa = PBXGroup;
			children = (
				55DCCDF523ACDFC100E23659 /* IntagramFirebase.app */,
			);
			name = Products;
			sourceTree = "<group>";
		};
		55DCCDF723ACDFC100E23659 /* IntagramFirebase */ = {
			isa = PBXGroup;
			children = (
				55701C1423B0D8E900734299 /* Utils */,
				55DCCDF823ACDFC100E23659 /* AppDelegate.swift */,
				55DCCDFA23ACDFC100E23659 /* ViewController.swift */,
				55DCCDFC23ACDFC100E23659 /* Main.storyboard */,
				55DCCDFF23ACDFC300E23659 /* Assets.xcassets */,
				55DCCE0123ACDFC300E23659 /* LaunchScreen.storyboard */,
				55DCCE0423ACDFC300E23659 /* Info.plist */,
				55701C1723B0EAF500734299 /* GoogleService-Info.plist */,
			);
			path = IntagramFirebase;
			sourceTree = "<group>";
		};
		9146ACAB4D1822E889C48B44 /* Pods */ = {
			isa = PBXGroup;
			children = (
				25F260F3565A2F6235E08956 /* Pods-IntagramFirebase.debug.xcconfig */,
				886D6906FB2C88D616363A70 /* Pods-IntagramFirebase.release.xcconfig */,
			);
			name = Pods;
			path = Pods;
			sourceTree = "<group>";
		};
		F5BD2FB4C928BDEE847BE76D /* Frameworks */ = {
			isa = PBXGroup;
			children = (
				83392F6A093880DA4B176FA6 /* Pods_IntagramFirebase.framework */,
			);
			name = Frameworks;
			sourceTree = "<group>";
		};
/* End PBXGroup section */

/* Begin PBXNativeTarget section */
		55DCCDF423ACDFC100E23659 /* IntagramFirebase */ = {
			isa = PBXNativeTarget;
			buildConfigurationList = 55DCCE0723ACDFC300E23659 /* Build configuration list for PBXNativeTarget "IntagramFirebase" */;
			buildPhases = (
				629E60BFCAAD4D0B51385DF3 /* [CP] Check Pods Manifest.lock */,
				55DCCDF123ACDFC100E23659 /* Sources */,
				55DCCDF223ACDFC100E23659 /* Frameworks */,
				55DCCDF323ACDFC100E23659 /* Resources */,
				44863D1701BB172E565054F8 /* [CP] Embed Pods Frameworks */,
			);
			buildRules = (
			);
			dependencies = (
			);
			name = IntagramFirebase;
			productName = IntagramFirebase;
			productReference = 55DCCDF523ACDFC100E23659 /* IntagramFirebase.app */;
			productType = "com.apple.product-type.application";
		};
/* End PBXNativeTarget section */

/* Begin PBXProject section */
		55DCCDED23ACDFC100E23659 /* Project object */ = {
			isa = PBXProject;
			attributes = {
				LastSwiftUpdateCheck = 1030;
				LastUpgradeCheck = 1030;
				ORGANIZATIONNAME = "Jonathan Hernandez";
				TargetAttributes = {
					55DCCDF423ACDFC100E23659 = {
						CreatedOnToolsVersion = 10.3;
					};
				};
			};
			buildConfigurationList = 55DCCDF023ACDFC100E23659 /* Build configuration list for PBXProject "IntagramFirebase" */;
			compatibilityVersion = "Xcode 9.3";
			developmentRegion = en;
			hasScannedForEncodings = 0;
			knownRegions = (
				en,
				Base,
			);
			mainGroup = 55DCCDEC23ACDFC100E23659;
			productRefGroup = 55DCCDF623ACDFC100E23659 /* Products */;
			projectDirPath = "";
			projectRoot = "";
			targets = (
				55DCCDF423ACDFC100E23659 /* IntagramFirebase */,
			);
		};
/* End PBXProject section */

/* Begin PBXResourcesBuildPhase section */
		55DCCDF323ACDFC100E23659 /* Resources */ = {
			isa = PBXResourcesBuildPhase;
			buildActionMask = 2147483647;
			files = (
				55DCCE0323ACDFC300E23659 /* LaunchScreen.storyboard in Resources */,
				55DCCE0023ACDFC300E23659 /* Assets.xcassets in Resources */,
				55DCCDFE23ACDFC100E23659 /* Main.storyboard in Resources */,
				55701C1823B0EAF500734299 /* GoogleService-Info.plist in Resources */,
			);
			runOnlyForDeploymentPostprocessing = 0;
		};
/* End PBXResourcesBuildPhase section */

/* Begin PBXShellScriptBuildPhase section */
		44863D1701BB172E565054F8 /* [CP] Embed Pods Frameworks */ = {
			isa = PBXShellScriptBuildPhase;
			buildActionMask = 2147483647;
			files = (
			);
			inputFileListPaths = (
				"${PODS_ROOT}/Target Support Files/Pods-IntagramFirebase/Pods-IntagramFirebase-frameworks-${CONFIGURATION}-input-files.xcfilelist",
			);
			name = "[CP] Embed Pods Frameworks";
			outputFileListPaths = (
				"${PODS_ROOT}/Target Support Files/Pods-IntagramFirebase/Pods-IntagramFirebase-frameworks-${CONFIGURATION}-output-files.xcfilelist",
			);
			runOnlyForDeploymentPostprocessing = 0;
			shellPath = /bin/sh;
			shellScript = "\"${PODS_ROOT}/Target Support Files/Pods-IntagramFirebase/Pods-IntagramFirebase-frameworks.sh\"\n";
			showEnvVarsInLog = 0;
		};
		629E60BFCAAD4D0B51385DF3 /* [CP] Check Pods Manifest.lock */ = {
			isa = PBXShellScriptBuildPhase;
			buildActionMask = 2147483647;
			files = (
			);
			inputFileListPaths = (
			);
			inputPaths = (
				"${PODS_PODFILE_DIR_PATH}/Podfile.lock",
				"${PODS_ROOT}/Manifest.lock",
			);
			name = "[CP] Check Pods Manifest.lock";
			outputFileListPaths = (
			);
			outputPaths = (
				"$(DERIVED_FILE_DIR)/Pods-IntagramFirebase-checkManifestLockResult.txt",
			);
			runOnlyForDeploymentPostprocessing = 0;
			shellPath = /bin/sh;
			shellScript = "diff \"${PODS_PODFILE_DIR_PATH}/Podfile.lock\" \"${PODS_ROOT}/Manifest.lock\" > /dev/null\nif [ $? != 0 ] ; then\n    # print error to STDERR\n    echo \"error: The sandbox is not in sync with the Podfile.lock. Run 'pod install' or update your CocoaPods installation.\" >&2\n    exit 1\nfi\n# This output is used by Xcode 'outputs' to avoid re-running this script phase.\necho \"SUCCESS\" > \"${SCRIPT_OUTPUT_FILE_0}\"\n";
			showEnvVarsInLog = 0;
		};
/* End PBXShellScriptBuildPhase section */

/* Begin PBXSourcesBuildPhase section */
		55DCCDF123ACDFC100E23659 /* Sources */ = {
			isa = PBXSourcesBuildPhase;
			buildActionMask = 2147483647;
			files = (
				55DCCDFB23ACDFC100E23659 /* ViewController.swift in Sources */,
				55701C1623B0D91300734299 /* Extensions.swift in Sources */,
				55DCCDF923ACDFC100E23659 /* AppDelegate.swift in Sources */,
			);
			runOnlyForDeploymentPostprocessing = 0;
		};
/* End PBXSourcesBuildPhase section */

/* Begin PBXVariantGroup section */
		55DCCDFC23ACDFC100E23659 /* Main.storyboard */ = {
			isa = PBXVariantGroup;
			children = (
				55DCCDFD23ACDFC100E23659 /* Base */,
			);
			name = Main.storyboard;
			sourceTree = "<group>";
		};
		55DCCE0123ACDFC300E23659 /* LaunchScreen.storyboard */ = {
			isa = PBXVariantGroup;
			children = (
				55DCCE0223ACDFC300E23659 /* Base */,
			);
			name = LaunchScreen.storyboard;
			sourceTree = "<group>";
		};
/* End PBXVariantGroup section */

/* Begin XCBuildConfiguration section */
		55DCCE0523ACDFC300E23659 /* Debug */ = {
			isa = XCBuildConfiguration;
			buildSettings = {
				ALWAYS_SEARCH_USER_PATHS = NO;
				CLANG_ANALYZER_NONNULL = YES;
				CLANG_ANALYZER_NUMBER_OBJECT_CONVERSION = YES_AGGRESSIVE;
				CLANG_CXX_LANGUAGE_STANDARD = "gnu++14";
				CLANG_CXX_LIBRARY = "libc++";
				CLANG_ENABLE_MODULES = YES;
				CLANG_ENABLE_OBJC_ARC = YES;
				CLANG_ENABLE_OBJC_WEAK = YES;
				CLANG_WARN_BLOCK_CAPTURE_AUTORELEASING = YES;
				CLANG_WARN_BOOL_CONVERSION = YES;
				CLANG_WARN_COMMA = YES;
				CLANG_WARN_CONSTANT_CONVERSION = YES;
				CLANG_WARN_DEPRECATED_OBJC_IMPLEMENTATIONS = YES;
				CLANG_WARN_DIRECT_OBJC_ISA_USAGE = YES_ERROR;
				CLANG_WARN_DOCUMENTATION_COMMENTS = YES;
				CLANG_WARN_EMPTY_BODY = YES;
				CLANG_WARN_ENUM_CONVERSION = YES;
				CLANG_WARN_INFINITE_RECURSION = YES;
				CLANG_WARN_INT_CONVERSION = YES;
				CLANG_WARN_NON_LITERAL_NULL_CONVERSION = YES;
				CLANG_WARN_OBJC_IMPLICIT_RETAIN_SELF = YES;
				CLANG_WARN_OBJC_LITERAL_CONVERSION = YES;
				CLANG_WARN_OBJC_ROOT_CLASS = YES_ERROR;
				CLANG_WARN_RANGE_LOOP_ANALYSIS = YES;
				CLANG_WARN_STRICT_PROTOTYPES = YES;
				CLANG_WARN_SUSPICIOUS_MOVE = YES;
				CLANG_WARN_UNGUARDED_AVAILABILITY = YES_AGGRESSIVE;
				CLANG_WARN_UNREACHABLE_CODE = YES;
				CLANG_WARN__DUPLICATE_METHOD_MATCH = YES;
				CODE_SIGN_IDENTITY = "iPhone Developer";
				COPY_PHASE_STRIP = NO;
				DEBUG_INFORMATION_FORMAT = dwarf;
				ENABLE_STRICT_OBJC_MSGSEND = YES;
				ENABLE_TESTABILITY = YES;
				GCC_C_LANGUAGE_STANDARD = gnu11;
				GCC_DYNAMIC_NO_PIC = NO;
				GCC_NO_COMMON_BLOCKS = YES;
				GCC_OPTIMIZATION_LEVEL = 0;
				GCC_PREPROCESSOR_DEFINITIONS = (
					"DEBUG=1",
					"$(inherited)",
				);
				GCC_WARN_64_TO_32_BIT_CONVERSION = YES;
				GCC_WARN_ABOUT_RETURN_TYPE = YES_ERROR;
				GCC_WARN_UNDECLARED_SELECTOR = YES;
				GCC_WARN_UNINITIALIZED_AUTOS = YES_AGGRESSIVE;
				GCC_WARN_UNUSED_FUNCTION = YES;
				GCC_WARN_UNUSED_VARIABLE = YES;
				IPHONEOS_DEPLOYMENT_TARGET = 12.4;
				MTL_ENABLE_DEBUG_INFO = INCLUDE_SOURCE;
				MTL_FAST_MATH = YES;
				ONLY_ACTIVE_ARCH = YES;
				SDKROOT = iphoneos;
				SWIFT_ACTIVE_COMPILATION_CONDITIONS = DEBUG;
				SWIFT_OPTIMIZATION_LEVEL = "-Onone";
			};
			name = Debug;
		};
		55DCCE0623ACDFC300E23659 /* Release */ = {
			isa = XCBuildConfiguration;
			buildSettings = {
				ALWAYS_SEARCH_USER_PATHS = NO;
				CLANG_ANALYZER_NONNULL = YES;
				CLANG_ANALYZER_NUMBER_OBJECT_CONVERSION = YES_AGGRESSIVE;
				CLANG_CXX_LANGUAGE_STANDARD = "gnu++14";
				CLANG_CXX_LIBRARY = "libc++";
				CLANG_ENABLE_MODULES = YES;
				CLANG_ENABLE_OBJC_ARC = YES;
				CLANG_ENABLE_OBJC_WEAK = YES;
				CLANG_WARN_BLOCK_CAPTURE_AUTORELEASING = YES;
				CLANG_WARN_BOOL_CONVERSION = YES;
				CLANG_WARN_COMMA = YES;
				CLANG_WARN_CONSTANT_CONVERSION = YES;
				CLANG_WARN_DEPRECATED_OBJC_IMPLEMENTATIONS = YES;
				CLANG_WARN_DIRECT_OBJC_ISA_USAGE = YES_ERROR;
				CLANG_WARN_DOCUMENTATION_COMMENTS = YES;
				CLANG_WARN_EMPTY_BODY = YES;
				CLANG_WARN_ENUM_CONVERSION = YES;
				CLANG_WARN_INFINITE_RECURSION = YES;
				CLANG_WARN_INT_CONVERSION = YES;
				CLANG_WARN_NON_LITERAL_NULL_CONVERSION = YES;
				CLANG_WARN_OBJC_IMPLICIT_RETAIN_SELF = YES;
				CLANG_WARN_OBJC_LITERAL_CONVERSION = YES;
				CLANG_WARN_OBJC_ROOT_CLASS = YES_ERROR;
				CLANG_WARN_RANGE_LOOP_ANALYSIS = YES;
				CLANG_WARN_STRICT_PROTOTYPES = YES;
				CLANG_WARN_SUSPICIOUS_MOVE = YES;
				CLANG_WARN_UNGUARDED_AVAILABILITY = YES_AGGRESSIVE;
				CLANG_WARN_UNREACHABLE_CODE = YES;
				CLANG_WARN__DUPLICATE_METHOD_MATCH = YES;
				CODE_SIGN_IDENTITY = "iPhone Developer";
				COPY_PHASE_STRIP = NO;
				DEBUG_INFORMATION_FORMAT = "dwarf-with-dsym";
				ENABLE_NS_ASSERTIONS = NO;
				ENABLE_STRICT_OBJC_MSGSEND = YES;
				GCC_C_LANGUAGE_STANDARD = gnu11;
				GCC_NO_COMMON_BLOCKS = YES;
				GCC_WARN_64_TO_32_BIT_CONVERSION = YES;
				GCC_WARN_ABOUT_RETURN_TYPE = YES_ERROR;
				GCC_WARN_UNDECLARED_SELECTOR = YES;
				GCC_WARN_UNINITIALIZED_AUTOS = YES_AGGRESSIVE;
				GCC_WARN_UNUSED_FUNCTION = YES;
				GCC_WARN_UNUSED_VARIABLE = YES;
				IPHONEOS_DEPLOYMENT_TARGET = 12.4;
				MTL_ENABLE_DEBUG_INFO = NO;
				MTL_FAST_MATH = YES;
				SDKROOT = iphoneos;
				SWIFT_COMPILATION_MODE = wholemodule;
				SWIFT_OPTIMIZATION_LEVEL = "-O";
				VALIDATE_PRODUCT = YES;
			};
			name = Release;
		};
		55DCCE0823ACDFC300E23659 /* Debug */ = {
			isa = XCBuildConfiguration;
			baseConfigurationReference = 25F260F3565A2F6235E08956 /* Pods-IntagramFirebase.debug.xcconfig */;
			buildSettings = {
				ASSETCATALOG_COMPILER_APPICON_NAME = AppIcon;
				CODE_SIGN_STYLE = Automatic;
				DEVELOPMENT_TEAM = 4WXSFZLPV5;
				INFOPLIST_FILE = IntagramFirebase/Info.plist;
				LD_RUNPATH_SEARCH_PATHS = (
					"$(inherited)",
					"@executable_path/Frameworks",
				);
				PRODUCT_BUNDLE_IDENTIFIER = com.johnhernandez.IntagramFirebase;
				PRODUCT_NAME = "$(TARGET_NAME)";
				SWIFT_VERSION = 5.0;
				TARGETED_DEVICE_FAMILY = "1,2";
			};
			name = Debug;
		};
		55DCCE0923ACDFC300E23659 /* Release */ = {
			isa = XCBuildConfiguration;
			baseConfigurationReference = 886D6906FB2C88D616363A70 /* Pods-IntagramFirebase.release.xcconfig */;
			buildSettings = {
				ASSETCATALOG_COMPILER_APPICON_NAME = AppIcon;
				CODE_SIGN_STYLE = Automatic;
				DEVELOPMENT_TEAM = 4WXSFZLPV5;
				INFOPLIST_FILE = IntagramFirebase/Info.plist;
				LD_RUNPATH_SEARCH_PATHS = (
					"$(inherited)",
					"@executable_path/Frameworks",
				);
				PRODUCT_BUNDLE_IDENTIFIER = com.johnhernandez.IntagramFirebase;
				PRODUCT_NAME = "$(TARGET_NAME)";
				SWIFT_VERSION = 5.0;
				TARGETED_DEVICE_FAMILY = "1,2";
			};
			name = Release;
		};
/* End XCBuildConfiguration section */

/* Begin XCConfigurationList section */
		55DCCDF023ACDFC100E23659 /* Build configuration list for PBXProject "IntagramFirebase" */ = {
			isa = XCConfigurationList;
			buildConfigurations = (
				55DCCE0523ACDFC300E23659 /* Debug */,
				55DCCE0623ACDFC300E23659 /* Release */,
			);
			defaultConfigurationIsVisible = 0;
			defaultConfigurationName = Release;
		};
		55DCCE0723ACDFC300E23659 /* Build configuration list for PBXNativeTarget "IntagramFirebase" */ = {
			isa = XCConfigurationList;
			buildConfigurations = (
				55DCCE0823ACDFC300E23659 /* Debug */,
				55DCCE0923ACDFC300E23659 /* Release */,
			);
			defaultConfigurationIsVisible = 0;
			defaultConfigurationName = Release;
		};
/* End XCConfigurationList section */
	};
	rootObject = 55DCCDED23ACDFC100E23659 /* Project object */;
}
